Microsoft Visual Studio Solution File, Format Version 12.00
# Visual Studio Version 17
VisualStudioVersion = 17.5.2.0
MinimumVisualStudioVersion = 10.0.40219.1
Project("{FAE04EC0-301F-11D3-BF4B-00C04F79EFBC}") = "ISM6225_Spring_2024_Assignment_2", "ISM6225_Spring_2024_Assignment_2.csproj", "{49638DEE-486D-F7A4-B630-4EA5C92F188D}"
EndProject
Global
	GlobalSection(SolutionConfigurationPlatforms) = preSolution
		Debug|Any CPU = Debug|Any CPU
		Release|Any CPU = Release|Any CPU
	EndGlobalSection
	GlobalSection(ProjectConfigurationPlatforms) = postSolution
		{49638DEE-486D-F7A4-B630-4EA5C92F188D}.Debug|Any CPU.ActiveCfg = Debug|Any CPU
		{49638DEE-486D-F7A4-B630-4EA5C92F188D}.Debug|Any CPU.Build.0 = Debug|Any CPU
		{49638DEE-486D-F7A4-B630-4EA5C92F188D}.Release|Any CPU.ActiveCfg = Release|Any CPU
		{49638DEE-486D-F7A4-B630-4EA5C92F188D}.Release|Any CPU.Build.0 = Release|Any CPU
	EndGlobalSection
	GlobalSection(SolutionProperties) = preSolution
		HideSolutionNode = FALSE
	EndGlobalSection
	GlobalSection(ExtensibilityGlobals) = postSolution
		SolutionGuid = {10470802-2553-46B9-82D8-963C910A18B4}
	EndGlobalSection
EndGlobal
